
Microsoft Visual Studio Solution File, Format Version 12.00
# Visual Studio Version 16
VisualStudioVersion = 16.0.31729.503
MinimumVisualStudioVersion = 10.0.40219.1
Project("{FAE04EC0-301F-11D3-BF4B-00C04F79EFBC}") = "ShopBridge", "ShopBridge\ShopBridge.csproj", "{4FF7B924-0E64-475F-A0CA-8E82A708FAED}"
EndProject
Project("{FAE04EC0-301F-11D3-BF4B-00C04F79EFBC}") = "ShopBridge.Modal", "ShopBridge.Modal\ShopBridge.Modal.csproj", "{29A4BC44-CF78-4A0F-80B3-13D38B7454BC}"
EndProject
Project("{FAE04EC0-301F-11D3-BF4B-00C04F79EFBC}") = "ShopBridge.BAL", "ShopBridge.BAL\ShopBridge.BAL.csproj", "{FAD4ACC4-04B7-4664-AB81-857953232000}"
EndProject
Global
	GlobalSection(SolutionConfigurationPlatforms) = preSolution
		Debug|Any CPU = Debug|Any CPU
		Release|Any CPU = Release|Any CPU
	EndGlobalSection
	GlobalSection(ProjectConfigurationPlatforms) = postSolution
		{4FF7B924-0E64-475F-A0CA-8E82A708FAED}.Debug|Any CPU.ActiveCfg = Debug|Any CPU
		{4FF7B924-0E64-475F-A0CA-8E82A708FAED}.Debug|Any CPU.Build.0 = Debug|Any CPU
		{4FF7B924-0E64-475F-A0CA-8E82A708FAED}.Release|Any CPU.ActiveCfg = Release|Any CPU
		{4FF7B924-0E64-475F-A0CA-8E82A708FAED}.Release|Any CPU.Build.0 = Release|Any CPU
		{29A4BC44-CF78-4A0F-80B3-13D38B7454BC}.Debug|Any CPU.ActiveCfg = Debug|Any CPU
		{29A4BC44-CF78-4A0F-80B3-13D38B7454BC}.Debug|Any CPU.Build.0 = Debug|Any CPU
		{29A4BC44-CF78-4A0F-80B3-13D38B7454BC}.Release|Any CPU.ActiveCfg = Release|Any CPU
		{29A4BC44-CF78-4A0F-80B3-13D38B7454BC}.Release|Any CPU.Build.0 = Release|Any CPU
		{FAD4ACC4-04B7-4664-AB81-857953232000}.Debug|Any CPU.ActiveCfg = Debug|Any CPU
		{FAD4ACC4-04B7-4664-AB81-857953232000}.Debug|Any CPU.Build.0 = Debug|Any CPU
		{FAD4ACC4-04B7-4664-AB81-857953232000}.Release|Any CPU.ActiveCfg = Release|Any CPU
		{FAD4ACC4-04B7-4664-AB81-857953232000}.Release|Any CPU.Build.0 = Release|Any CPU
	EndGlobalSection
	GlobalSection(SolutionProperties) = preSolution
		HideSolutionNode = FALSE
	EndGlobalSection
	GlobalSection(ExtensibilityGlobals) = postSolution
		SolutionGuid = {BE8D75C1-F589-4729-A455-6410889BE5A9}
	EndGlobalSection
EndGlobal
